
Microsoft Visual Studio Solution File, Format Version 12.00
# Visual Studio Version 16
VisualStudioVersion = 16.0.32106.194
MinimumVisualStudioVersion = 10.0.40219.1
Project("{FAE04EC0-301F-11D3-BF4B-00C04F79EFBC}") = "Rocky", "Rocky\Rocky.csproj", "{F4B2E34D-9B62-4143-BD2F-A02E63999E77}"
EndProject
Global
	GlobalSection(SolutionConfigurationPlatforms) = preSolution
		Debug|Any CPU = Debug|Any CPU
		Release|Any CPU = Release|Any CPU
	EndGlobalSection
	GlobalSection(ProjectConfigurationPlatforms) = postSolution
		{F4B2E34D-9B62-4143-BD2F-A02E63999E77}.Debug|Any CPU.ActiveCfg = Debug|Any CPU
		{F4B2E34D-9B62-4143-BD2F-A02E63999E77}.Debug|Any CPU.Build.0 = Debug|Any CPU
		{F4B2E34D-9B62-4143-BD2F-A02E63999E77}.Release|Any CPU.ActiveCfg = Release|Any CPU
		{F4B2E34D-9B62-4143-BD2F-A02E63999E77}.Release|Any CPU.Build.0 = Release|Any CPU
	EndGlobalSection
	GlobalSection(SolutionProperties) = preSolution
		HideSolutionNode = FALSE
	EndGlobalSection
	GlobalSection(ExtensibilityGlobals) = postSolution
		SolutionGuid = {F10A4A1F-3053-4B35-A977-D89D3E54E586}
	EndGlobalSection
EndGlobal
