
Microsoft Visual Studio Solution File, Format Version 12.00
# Visual Studio Version 16
VisualStudioVersion = 16.0.32106.194
MinimumVisualStudioVersion = 10.0.40219.1
Project("{9A19103F-16F7-4668-BE54-9A1E7A4F7556}") = "Rocky", "Rocky\Rocky.csproj", "{F4B2E34D-9B62-4143-BD2F-A02E63999E77}"
EndProject
Project("{FAE04EC0-301F-11D3-BF4B-00C04F79EFBC}") = "Rocky_Utility", "Rocky_Utility\Rocky_Utility.csproj", "{B6529926-EF02-4AD3-B9CC-57A1472EF136}"
EndProject
Project("{FAE04EC0-301F-11D3-BF4B-00C04F79EFBC}") = "Rocky_Models", "Rocky_Models\Rocky_Models.csproj", "{1DCECAEF-5FBD-4C3B-A02A-18C9EDFDDA7C}"
EndProject
Project("{FAE04EC0-301F-11D3-BF4B-00C04F79EFBC}") = "Rocky_DataAccess", "Rocky_DataAccess\Rocky_DataAccess.csproj", "{45E6B5A1-4918-4B9D-9C2E-76B77DBFE071}"
EndProject
Global
	GlobalSection(SolutionConfigurationPlatforms) = preSolution
		Debug|Any CPU = Debug|Any CPU
		Release|Any CPU = Release|Any CPU
	EndGlobalSection
	GlobalSection(ProjectConfigurationPlatforms) = postSolution
		{F4B2E34D-9B62-4143-BD2F-A02E63999E77}.Debug|Any CPU.ActiveCfg = Debug|Any CPU
		{F4B2E34D-9B62-4143-BD2F-A02E63999E77}.Debug|Any CPU.Build.0 = Debug|Any CPU
		{F4B2E34D-9B62-4143-BD2F-A02E63999E77}.Release|Any CPU.ActiveCfg = Release|Any CPU
		{F4B2E34D-9B62-4143-BD2F-A02E63999E77}.Release|Any CPU.Build.0 = Release|Any CPU
		{B6529926-EF02-4AD3-B9CC-57A1472EF136}.Debug|Any CPU.ActiveCfg = Debug|Any CPU
		{B6529926-EF02-4AD3-B9CC-57A1472EF136}.Debug|Any CPU.Build.0 = Debug|Any CPU
		{B6529926-EF02-4AD3-B9CC-57A1472EF136}.Release|Any CPU.ActiveCfg = Release|Any CPU
		{B6529926-EF02-4AD3-B9CC-57A1472EF136}.Release|Any CPU.Build.0 = Release|Any CPU
		{1DCECAEF-5FBD-4C3B-A02A-18C9EDFDDA7C}.Debug|Any CPU.ActiveCfg = Debug|Any CPU
		{1DCECAEF-5FBD-4C3B-A02A-18C9EDFDDA7C}.Debug|Any CPU.Build.0 = Debug|Any CPU
		{1DCECAEF-5FBD-4C3B-A02A-18C9EDFDDA7C}.Release|Any CPU.ActiveCfg = Release|Any CPU
		{1DCECAEF-5FBD-4C3B-A02A-18C9EDFDDA7C}.Release|Any CPU.Build.0 = Release|Any CPU
		{45E6B5A1-4918-4B9D-9C2E-76B77DBFE071}.Debug|Any CPU.ActiveCfg = Debug|Any CPU
		{45E6B5A1-4918-4B9D-9C2E-76B77DBFE071}.Debug|Any CPU.Build.0 = Debug|Any CPU
		{45E6B5A1-4918-4B9D-9C2E-76B77DBFE071}.Release|Any CPU.ActiveCfg = Release|Any CPU
		{45E6B5A1-4918-4B9D-9C2E-76B77DBFE071}.Release|Any CPU.Build.0 = Release|Any CPU
	EndGlobalSection
	GlobalSection(SolutionProperties) = preSolution
		HideSolutionNode = FALSE
	EndGlobalSection
	GlobalSection(ExtensibilityGlobals) = postSolution
		SolutionGuid = {F10A4A1F-3053-4B35-A977-D89D3E54E586}
	EndGlobalSection
EndGlobal
